// !$*UTF8*$!
{
	archiveVersion = 1;
	classes = {
	};
	objectVersion = 55;
	objects = {

/* Begin PBXBuildFile section */
		619B2F9C2A8F629E0005A2FC /* AppDelegate.swift in Sources */ = {isa = PBXBuildFile; fileRef = 619B2F9B2A8F629E0005A2FC /* AppDelegate.swift */; };
		619B2F9E2A8F629E0005A2FC /* SceneDelegate.swift in Sources */ = {isa = PBXBuildFile; fileRef = 619B2F9D2A8F629E0005A2FC /* SceneDelegate.swift */; };
		619B2FA02A8F629E0005A2FC /* EditNotesController.swift in Sources */ = {isa = PBXBuildFile; fileRef = 619B2F9F2A8F629E0005A2FC /* EditNotesController.swift */; };
		619B2FA32A8F629F0005A2FC /* Main.storyboard in Resources */ = {isa = PBXBuildFile; fileRef = 619B2FA12A8F629F0005A2FC /* Main.storyboard */; };
		619B2FA52A8F62A60005A2FC /* Assets.xcassets in Resources */ = {isa = PBXBuildFile; fileRef = 619B2FA42A8F62A60005A2FC /* Assets.xcassets */; };
		619B2FA82A8F62A60005A2FC /* LaunchScreen.storyboard in Resources */ = {isa = PBXBuildFile; fileRef = 619B2FA62A8F62A60005A2FC /* LaunchScreen.storyboard */; };
		61CF1A4C2A93433D00378474 /* Notes.xcdatamodeld in Sources */ = {isa = PBXBuildFile; fileRef = 61CF1A4A2A93433D00378474 /* Notes.xcdatamodeld */; };
		61CF1A4F2A93436D00378474 /* CoreDataStack.swift in Sources */ = {isa = PBXBuildFile; fileRef = 61CF1A4E2A93436D00378474 /* CoreDataStack.swift */; };
		61CF1A662A935CDD00378474 /* Note+CoreDataClass.swift in Sources */ = {isa = PBXBuildFile; fileRef = 61CF1A642A935CDD00378474 /* Note+CoreDataClass.swift */; };
		61CF1A672A935CDD00378474 /* Note+CoreDataProperties.swift in Sources */ = {isa = PBXBuildFile; fileRef = 61CF1A652A935CDD00378474 /* Note+CoreDataProperties.swift */; };
		61E6AF492A9125D100F847C6 /* AllNotesController.swift in Sources */ = {isa = PBXBuildFile; fileRef = 61E6AF482A9125D100F847C6 /* AllNotesController.swift */; };
		61E6AF4B2A9139A800F847C6 /* CustomTableViewCell.swift in Sources */ = {isa = PBXBuildFile; fileRef = 61E6AF4A2A9139A700F847C6 /* CustomTableViewCell.swift */; };
/* End PBXBuildFile section */

/* Begin PBXFileReference section */
		619B2F982A8F629E0005A2FC /* NotesApp.app */ = {isa = PBXFileReference; explicitFileType = wrapper.application; includeInIndex = 0; path = NotesApp.app; sourceTree = BUILT_PRODUCTS_DIR; };
		619B2F9B2A8F629E0005A2FC /* AppDelegate.swift */ = {isa = PBXFileReference; lastKnownFileType = sourcecode.swift; path = AppDelegate.swift; sourceTree = "<group>"; };
		619B2F9D2A8F629E0005A2FC /* SceneDelegate.swift */ = {isa = PBXFileReference; lastKnownFileType = sourcecode.swift; path = SceneDelegate.swift; sourceTree = "<group>"; };
		619B2F9F2A8F629E0005A2FC /* EditNotesController.swift */ = {isa = PBXFileReference; lastKnownFileType = sourcecode.swift; path = EditNotesController.swift; sourceTree = "<group>"; };
		619B2FA22A8F629F0005A2FC /* Base */ = {isa = PBXFileReference; lastKnownFileType = file.storyboard; name = Base; path = Base.lproj/Main.storyboard; sourceTree = "<group>"; };
		619B2FA42A8F62A60005A2FC /* Assets.xcassets */ = {isa = PBXFileReference; lastKnownFileType = folder.assetcatalog; path = Assets.xcassets; sourceTree = "<group>"; };
		619B2FA72A8F62A60005A2FC /* Base */ = {isa = PBXFileReference; lastKnownFileType = file.storyboard; name = Base; path = Base.lproj/LaunchScreen.storyboard; sourceTree = "<group>"; };
		619B2FA92A8F62A60005A2FC /* Info.plist */ = {isa = PBXFileReference; lastKnownFileType = text.plist.xml; path = Info.plist; sourceTree = "<group>"; };
		61CF1A4B2A93433D00378474 /* Notes.xcdatamodel */ = {isa = PBXFileReference; lastKnownFileType = wrapper.xcdatamodel; path = Notes.xcdatamodel; sourceTree = "<group>"; };
		61CF1A4E2A93436D00378474 /* CoreDataStack.swift */ = {isa = PBXFileReference; lastKnownFileType = sourcecode.swift; path = CoreDataStack.swift; sourceTree = "<group>"; };
		61CF1A642A935CDD00378474 /* Note+CoreDataClass.swift */ = {isa = PBXFileReference; lastKnownFileType = sourcecode.swift; path = "Note+CoreDataClass.swift"; sourceTree = SOURCE_ROOT; };
		61CF1A652A935CDD00378474 /* Note+CoreDataProperties.swift */ = {isa = PBXFileReference; lastKnownFileType = sourcecode.swift; path = "Note+CoreDataProperties.swift"; sourceTree = SOURCE_ROOT; };
		61E6AF482A9125D100F847C6 /* AllNotesController.swift */ = {isa = PBXFileReference; lastKnownFileType = sourcecode.swift; path = AllNotesController.swift; sourceTree = "<group>"; };
		61E6AF4A2A9139A700F847C6 /* CustomTableViewCell.swift */ = {isa = PBXFileReference; lastKnownFileType = sourcecode.swift; path = CustomTableViewCell.swift; sourceTree = "<group>"; };
/* End PBXFileReference section */

/* Begin PBXFrameworksBuildPhase section */
		619B2F952A8F629E0005A2FC /* Frameworks */ = {
			isa = PBXFrameworksBuildPhase;
			buildActionMask = 2147483647;
			files = (
			);
			runOnlyForDeploymentPostprocessing = 0;
		};
/* End PBXFrameworksBuildPhase section */

/* Begin PBXGroup section */
		619B2F8F2A8F629E0005A2FC = {
			isa = PBXGroup;
			children = (
				619B2F9A2A8F629E0005A2FC /* NotesApp */,
				619B2F992A8F629E0005A2FC /* Products */,
			);
			sourceTree = "<group>";
		};
		619B2F992A8F629E0005A2FC /* Products */ = {
			isa = PBXGroup;
			children = (
				619B2F982A8F629E0005A2FC /* NotesApp.app */,
			);
			name = Products;
			sourceTree = "<group>";
		};
		619B2F9A2A8F629E0005A2FC /* NotesApp */ = {
			isa = PBXGroup;
			children = (
				61CF1A4D2A93435500378474 /* CoreData */,
				61E6AF4A2A9139A700F847C6 /* CustomTableViewCell.swift */,
				61E6AF482A9125D100F847C6 /* AllNotesController.swift */,
				619B2F9B2A8F629E0005A2FC /* AppDelegate.swift */,
				619B2F9D2A8F629E0005A2FC /* SceneDelegate.swift */,
				619B2F9F2A8F629E0005A2FC /* EditNotesController.swift */,
				619B2FA12A8F629F0005A2FC /* Main.storyboard */,
				619B2FA42A8F62A60005A2FC /* Assets.xcassets */,
				619B2FA62A8F62A60005A2FC /* LaunchScreen.storyboard */,
				619B2FA92A8F62A60005A2FC /* Info.plist */,
				61CF1A4A2A93433D00378474 /* Notes.xcdatamodeld */,
			);
			path = NotesApp;
			sourceTree = "<group>";
		};
		61CF1A4D2A93435500378474 /* CoreData */ = {
			isa = PBXGroup;
			children = (
				61CF1A642A935CDD00378474 /* Note+CoreDataClass.swift */,
				61CF1A652A935CDD00378474 /* Note+CoreDataProperties.swift */,
				61CF1A4E2A93436D00378474 /* CoreDataStack.swift */,
			);
			path = CoreData;
			sourceTree = "<group>";
		};
/* End PBXGroup section */

/* Begin PBXNativeTarget section */
		619B2F972A8F629E0005A2FC /* NotesApp */ = {
			isa = PBXNativeTarget;
			buildConfigurationList = 619B2FAC2A8F62A60005A2FC /* Build configuration list for PBXNativeTarget "NotesApp" */;
			buildPhases = (
				619B2F942A8F629E0005A2FC /* Sources */,
				619B2F952A8F629E0005A2FC /* Frameworks */,
				619B2F962A8F629E0005A2FC /* Resources */,
			);
			buildRules = (
			);
			dependencies = (
			);
			name = NotesApp;
			productName = NotesApp;
			productReference = 619B2F982A8F629E0005A2FC /* NotesApp.app */;
			productType = "com.apple.product-type.application";
		};
/* End PBXNativeTarget section */

/* Begin PBXProject section */
		619B2F902A8F629E0005A2FC /* Project object */ = {
			isa = PBXProject;
			attributes = {
				BuildIndependentTargetsInParallel = 1;
				LastSwiftUpdateCheck = 1320;
				LastUpgradeCheck = 1320;
				TargetAttributes = {
					619B2F972A8F629E0005A2FC = {
						CreatedOnToolsVersion = 13.2.1;
					};
				};
			};
			buildConfigurationList = 619B2F932A8F629E0005A2FC /* Build configuration list for PBXProject "NotesApp" */;
			compatibilityVersion = "Xcode 13.0";
			developmentRegion = en;
			hasScannedForEncodings = 0;
			knownRegions = (
				en,
				Base,
			);
			mainGroup = 619B2F8F2A8F629E0005A2FC;
			productRefGroup = 619B2F992A8F629E0005A2FC /* Products */;
			projectDirPath = "";
			projectRoot = "";
			targets = (
				619B2F972A8F629E0005A2FC /* NotesApp */,
			);
		};
/* End PBXProject section */

/* Begin PBXResourcesBuildPhase section */
		619B2F962A8F629E0005A2FC /* Resources */ = {
			isa = PBXResourcesBuildPhase;
			buildActionMask = 2147483647;
			files = (
				619B2FA82A8F62A60005A2FC /* LaunchScreen.storyboard in Resources */,
				619B2FA52A8F62A60005A2FC /* Assets.xcassets in Resources */,
				619B2FA32A8F629F0005A2FC /* Main.storyboard in Resources */,
			);
			runOnlyForDeploymentPostprocessing = 0;
		};
/* End PBXResourcesBuildPhase section */

/* Begin PBXSourcesBuildPhase section */
		619B2F942A8F629E0005A2FC /* Sources */ = {
			isa = PBXSourcesBuildPhase;
			buildActionMask = 2147483647;
			files = (
				61CF1A4F2A93436D00378474 /* CoreDataStack.swift in Sources */,
				619B2FA02A8F629E0005A2FC /* EditNotesController.swift in Sources */,
				61CF1A4C2A93433D00378474 /* Notes.xcdatamodeld in Sources */,
				61E6AF4B2A9139A800F847C6 /* CustomTableViewCell.swift in Sources */,
				619B2F9C2A8F629E0005A2FC /* AppDelegate.swift in Sources */,
				61CF1A662A935CDD00378474 /* Note+CoreDataClass.swift in Sources */,
				619B2F9E2A8F629E0005A2FC /* SceneDelegate.swift in Sources */,
				61E6AF492A9125D100F847C6 /* AllNotesController.swift in Sources */,
				61CF1A672A935CDD00378474 /* Note+CoreDataProperties.swift in Sources */,
			);
			runOnlyForDeploymentPostprocessing = 0;
		};
/* End PBXSourcesBuildPhase section */

/* Begin PBXVariantGroup section */
		619B2FA12A8F629F0005A2FC /* Main.storyboard */ = {
			isa = PBXVariantGroup;
			children = (
				619B2FA22A8F629F0005A2FC /* Base */,
			);
			name = Main.storyboard;
			sourceTree = "<group>";
		};
		619B2FA62A8F62A60005A2FC /* LaunchScreen.storyboard */ = {
			isa = PBXVariantGroup;
			children = (
				619B2FA72A8F62A60005A2FC /* Base */,
			);
			name = LaunchScreen.storyboard;
			sourceTree = "<group>";
		};
/* End PBXVariantGroup section */

/* Begin XCBuildConfiguration section */
		619B2FAA2A8F62A60005A2FC /* Debug */ = {
			isa = XCBuildConfiguration;
			buildSettings = {
				ALWAYS_SEARCH_USER_PATHS = NO;
				CLANG_ANALYZER_NONNULL = YES;
				CLANG_ANALYZER_NUMBER_OBJECT_CONVERSION = YES_AGGRESSIVE;
				CLANG_CXX_LANGUAGE_STANDARD = "gnu++17";
				CLANG_CXX_LIBRARY = "libc++";
				CLANG_ENABLE_MODULES = YES;
				CLANG_ENABLE_OBJC_ARC = YES;
				CLANG_ENABLE_OBJC_WEAK = YES;
				CLANG_WARN_BLOCK_CAPTURE_AUTORELEASING = YES;
				CLANG_WARN_BOOL_CONVERSION = YES;
				CLANG_WARN_COMMA = YES;
				CLANG_WARN_CONSTANT_CONVERSION = YES;
				CLANG_WARN_DEPRECATED_OBJC_IMPLEMENTATIONS = YES;
				CLANG_WARN_DIRECT_OBJC_ISA_USAGE = YES_ERROR;
				CLANG_WARN_DOCUMENTATION_COMMENTS = YES;
				CLANG_WARN_EMPTY_BODY = YES;
				CLANG_WARN_ENUM_CONVERSION = YES;
				CLANG_WARN_INFINITE_RECURSION = YES;
				CLANG_WARN_INT_CONVERSION = YES;
				CLANG_WARN_NON_LITERAL_NULL_CONVERSION = YES;
				CLANG_WARN_OBJC_IMPLICIT_RETAIN_SELF = YES;
				CLANG_WARN_OBJC_LITERAL_CONVERSION = YES;
				CLANG_WARN_OBJC_ROOT_CLASS = YES_ERROR;
				CLANG_WARN_QUOTED_INCLUDE_IN_FRAMEWORK_HEADER = YES;
				CLANG_WARN_RANGE_LOOP_ANALYSIS = YES;
				CLANG_WARN_STRICT_PROTOTYPES = YES;
				CLANG_WARN_SUSPICIOUS_MOVE = YES;
				CLANG_WARN_UNGUARDED_AVAILABILITY = YES_AGGRESSIVE;
				CLANG_WARN_UNREACHABLE_CODE = YES;
				CLANG_WARN__DUPLICATE_METHOD_MATCH = YES;
				COPY_PHASE_STRIP = NO;
				DEBUG_INFORMATION_FORMAT = dwarf;
				ENABLE_STRICT_OBJC_MSGSEND = YES;
				ENABLE_TESTABILITY = YES;
				GCC_C_LANGUAGE_STANDARD = gnu11;
				GCC_DYNAMIC_NO_PIC = NO;
				GCC_NO_COMMON_BLOCKS = YES;
				GCC_OPTIMIZATION_LEVEL = 0;
				GCC_PREPROCESSOR_DEFINITIONS = (
					"DEBUG=1",
					"$(inherited)",
				);
				GCC_WARN_64_TO_32_BIT_CONVERSION = YES;
				GCC_WARN_ABOUT_RETURN_TYPE = YES_ERROR;
				GCC_WARN_UNDECLARED_SELECTOR = YES;
				GCC_WARN_UNINITIALIZED_AUTOS = YES_AGGRESSIVE;
				GCC_WARN_UNUSED_FUNCTION = YES;
				GCC_WARN_UNUSED_VARIABLE = YES;
				IPHONEOS_DEPLOYMENT_TARGET = 15.2;
				MTL_ENABLE_DEBUG_INFO = INCLUDE_SOURCE;
				MTL_FAST_MATH = YES;
				ONLY_ACTIVE_ARCH = YES;
				SDKROOT = iphoneos;
				SWIFT_ACTIVE_COMPILATION_CONDITIONS = DEBUG;
				SWIFT_OPTIMIZATION_LEVEL = "-Onone";
			};
			name = Debug;
		};
		619B2FAB2A8F62A60005A2FC /* Release */ = {
			isa = XCBuildConfiguration;
			buildSettings = {
				ALWAYS_SEARCH_USER_PATHS = NO;
				CLANG_ANALYZER_NONNULL = YES;
				CLANG_ANALYZER_NUMBER_OBJECT_CONVERSION = YES_AGGRESSIVE;
				CLANG_CXX_LANGUAGE_STANDARD = "gnu++17";
				CLANG_CXX_LIBRARY = "libc++";
				CLANG_ENABLE_MODULES = YES;
				CLANG_ENABLE_OBJC_ARC = YES;
				CLANG_ENABLE_OBJC_WEAK = YES;
				CLANG_WARN_BLOCK_CAPTURE_AUTORELEASING = YES;
				CLANG_WARN_BOOL_CONVERSION = YES;
				CLANG_WARN_COMMA = YES;
				CLANG_WARN_CONSTANT_CONVERSION = YES;
				CLANG_WARN_DEPRECATED_OBJC_IMPLEMENTATIONS = YES;
				CLANG_WARN_DIRECT_OBJC_ISA_USAGE = YES_ERROR;
				CLANG_WARN_DOCUMENTATION_COMMENTS = YES;
				CLANG_WARN_EMPTY_BODY = YES;
				CLANG_WARN_ENUM_CONVERSION = YES;
				CLANG_WARN_INFINITE_RECURSION = YES;
				CLANG_WARN_INT_CONVERSION = YES;
				CLANG_WARN_NON_LITERAL_NULL_CONVERSION = YES;
				CLANG_WARN_OBJC_IMPLICIT_RETAIN_SELF = YES;
				CLANG_WARN_OBJC_LITERAL_CONVERSION = YES;
				CLANG_WARN_OBJC_ROOT_CLASS = YES_ERROR;
				CLANG_WARN_QUOTED_INCLUDE_IN_FRAMEWORK_HEADER = YES;
				CLANG_WARN_RANGE_LOOP_ANALYSIS = YES;
				CLANG_WARN_STRICT_PROTOTYPES = YES;
				CLANG_WARN_SUSPICIOUS_MOVE = YES;
				CLANG_WARN_UNGUARDED_AVAILABILITY = YES_AGGRESSIVE;
				CLANG_WARN_UNREACHABLE_CODE = YES;
				CLANG_WARN__DUPLICATE_METHOD_MATCH = YES;
				COPY_PHASE_STRIP = NO;
				DEBUG_INFORMATION_FORMAT = "dwarf-with-dsym";
				ENABLE_NS_ASSERTIONS = NO;
				ENABLE_STRICT_OBJC_MSGSEND = YES;
				GCC_C_LANGUAGE_STANDARD = gnu11;
				GCC_NO_COMMON_BLOCKS = YES;
				GCC_WARN_64_TO_32_BIT_CONVERSION = YES;
				GCC_WARN_ABOUT_RETURN_TYPE = YES_ERROR;
				GCC_WARN_UNDECLARED_SELECTOR = YES;
				GCC_WARN_UNINITIALIZED_AUTOS = YES_AGGRESSIVE;
				GCC_WARN_UNUSED_FUNCTION = YES;
				GCC_WARN_UNUSED_VARIABLE = YES;
				IPHONEOS_DEPLOYMENT_TARGET = 15.2;
				MTL_ENABLE_DEBUG_INFO = NO;
				MTL_FAST_MATH = YES;
				SDKROOT = iphoneos;
				SWIFT_COMPILATION_MODE = wholemodule;
				SWIFT_OPTIMIZATION_LEVEL = "-O";
				VALIDATE_PRODUCT = YES;
			};
			name = Release;
		};
		619B2FAD2A8F62A60005A2FC /* Debug */ = {
			isa = XCBuildConfiguration;
			buildSettings = {
				ASSETCATALOG_COMPILER_APPICON_NAME = AppIcon;
				ASSETCATALOG_COMPILER_GLOBAL_ACCENT_COLOR_NAME = AccentColor;
				CODE_SIGN_STYLE = Automatic;
				CURRENT_PROJECT_VERSION = 1;
				GENERATE_INFOPLIST_FILE = YES;
				INFOPLIST_FILE = NotesApp/Info.plist;
				INFOPLIST_KEY_UIApplicationSupportsIndirectInputEvents = YES;
				INFOPLIST_KEY_UILaunchStoryboardName = LaunchScreen;
				INFOPLIST_KEY_UISupportedInterfaceOrientations_iPad = "UIInterfaceOrientationPortrait UIInterfaceOrientationPortraitUpsideDown UIInterfaceOrientationLandscapeLeft UIInterfaceOrientationLandscapeRight";
				INFOPLIST_KEY_UISupportedInterfaceOrientations_iPhone = "UIInterfaceOrientationPortrait UIInterfaceOrientationLandscapeLeft UIInterfaceOrientationLandscapeRight";
				LD_RUNPATH_SEARCH_PATHS = (
					"$(inherited)",
					"@executable_path/Frameworks",
				);
				MARKETING_VERSION = 1.0;
				PRODUCT_BUNDLE_IDENTIFIER = ytsoftwareengg.NotesApp;
				PRODUCT_NAME = "$(TARGET_NAME)";
				SWIFT_EMIT_LOC_STRINGS = YES;
				SWIFT_VERSION = 5.0;
				TARGETED_DEVICE_FAMILY = "1,2";
			};
			name = Debug;
		};
		619B2FAE2A8F62A60005A2FC /* Release */ = {
			isa = XCBuildConfiguration;
			buildSettings = {
				ASSETCATALOG_COMPILER_APPICON_NAME = AppIcon;
				ASSETCATALOG_COMPILER_GLOBAL_ACCENT_COLOR_NAME = AccentColor;
				CODE_SIGN_STYLE = Automatic;
				CURRENT_PROJECT_VERSION = 1;
				GENERATE_INFOPLIST_FILE = YES;
				INFOPLIST_FILE = NotesApp/Info.plist;
				INFOPLIST_KEY_UIApplicationSupportsIndirectInputEvents = YES;
				INFOPLIST_KEY_UILaunchStoryboardName = LaunchScreen;
				INFOPLIST_KEY_UISupportedInterfaceOrientations_iPad = "UIInterfaceOrientationPortrait UIInterfaceOrientationPortraitUpsideDown UIInterfaceOrientationLandscapeLeft UIInterfaceOrientationLandscapeRight";
				INFOPLIST_KEY_UISupportedInterfaceOrientations_iPhone = "UIInterfaceOrientationPortrait UIInterfaceOrientationLandscapeLeft UIInterfaceOrientationLandscapeRight";
				LD_RUNPATH_SEARCH_PATHS = (
					"$(inherited)",
					"@executable_path/Frameworks",
				);
				MARKETING_VERSION = 1.0;
				PRODUCT_BUNDLE_IDENTIFIER = ytsoftwareengg.NotesApp;
				PRODUCT_NAME = "$(TARGET_NAME)";
				SWIFT_EMIT_LOC_STRINGS = YES;
				SWIFT_VERSION = 5.0;
				TARGETED_DEVICE_FAMILY = "1,2";
			};
			name = Release;
		};
/* End XCBuildConfiguration section */

/* Begin XCConfigurationList section */
		619B2F932A8F629E0005A2FC /* Build configuration list for PBXProject "NotesApp" */ = {
			isa = XCConfigurationList;
			buildConfigurations = (
				619B2FAA2A8F62A60005A2FC /* Debug */,
				619B2FAB2A8F62A60005A2FC /* Release */,
			);
			defaultConfigurationIsVisible = 0;
			defaultConfigurationName = Release;
		};
		619B2FAC2A8F62A60005A2FC /* Build configuration list for PBXNativeTarget "NotesApp" */ = {
			isa = XCConfigurationList;
			buildConfigurations = (
				619B2FAD2A8F62A60005A2FC /* Debug */,
				619B2FAE2A8F62A60005A2FC /* Release */,
			);
			defaultConfigurationIsVisible = 0;
			defaultConfigurationName = Release;
		};
/* End XCConfigurationList section */

/* Begin XCVersionGroup section */
		61CF1A4A2A93433D00378474 /* Notes.xcdatamodeld */ = {
			isa = XCVersionGroup;
			children = (
				61CF1A4B2A93433D00378474 /* Notes.xcdatamodel */,
			);
			currentVersion = 61CF1A4B2A93433D00378474 /* Notes.xcdatamodel */;
			path = Notes.xcdatamodeld;
			sourceTree = "<group>";
			versionGroupType = wrapper.xcdatamodel;
		};
/* End XCVersionGroup section */
	};
	rootObject = 619B2F902A8F629E0005A2FC /* Project object */;
}
